
Microsoft Visual Studio Solution File, Format Version 12.00
# Visual Studio Version 16
VisualStudioVersion = 16.0.31515.178
MinimumVisualStudioVersion = 10.0.40219.1
Project("{FAE04EC0-301F-11D3-BF4B-00C04F79EFBC}") = "SpaceGame", "SpaceGame.csproj", "{A9D6A002-CD96-46A2-9E29-0B6A47ECF151}"
EndProject
Global
	GlobalSection(SolutionConfigurationPlatforms) = preSolution
		Debug|Any CPU = Debug|Any CPU
		Release|Any CPU = Release|Any CPU
	EndGlobalSection
	GlobalSection(ProjectConfigurationPlatforms) = postSolution
		{A9D6A002-CD96-46A2-9E29-0B6A47ECF151}.Debug|Any CPU.ActiveCfg = Debug|Any CPU
		{A9D6A002-CD96-46A2-9E29-0B6A47ECF151}.Debug|Any CPU.Build.0 = Debug|Any CPU
		{A9D6A002-CD96-46A2-9E29-0B6A47ECF151}.Release|Any CPU.ActiveCfg = Release|Any CPU
		{A9D6A002-CD96-46A2-9E29-0B6A47ECF151}.Release|Any CPU.Build.0 = Release|Any CPU
	EndGlobalSection
	GlobalSection(SolutionProperties) = preSolution
		HideSolutionNode = FALSE
	EndGlobalSection
	GlobalSection(ExtensibilityGlobals) = postSolution
		SolutionGuid = {781CDAFD-75B9-416D-89C5-6BD644E4FD1C}
	EndGlobalSection
EndGlobal
