
Microsoft Visual Studio Solution File, Format Version 12.00
# Visual Studio Version 16
VisualStudioVersion = 16.0.31624.102
MinimumVisualStudioVersion = 10.0.40219.1
Project("{FAE04EC0-301F-11D3-BF4B-00C04F79EFBC}") = "Project8A", "Project8A.csproj", "{3FEB73C5-029F-4601-B262-C6A5697AA80B}"
EndProject
Global
	GlobalSection(SolutionConfigurationPlatforms) = preSolution
		Debug|Any CPU = Debug|Any CPU
		Release|Any CPU = Release|Any CPU
	EndGlobalSection
	GlobalSection(ProjectConfigurationPlatforms) = postSolution
		{3FEB73C5-029F-4601-B262-C6A5697AA80B}.Debug|Any CPU.ActiveCfg = Debug|Any CPU
		{3FEB73C5-029F-4601-B262-C6A5697AA80B}.Debug|Any CPU.Build.0 = Debug|Any CPU
		{3FEB73C5-029F-4601-B262-C6A5697AA80B}.Release|Any CPU.ActiveCfg = Release|Any CPU
		{3FEB73C5-029F-4601-B262-C6A5697AA80B}.Release|Any CPU.Build.0 = Release|Any CPU
	EndGlobalSection
	GlobalSection(SolutionProperties) = preSolution
		HideSolutionNode = FALSE
	EndGlobalSection
	GlobalSection(ExtensibilityGlobals) = postSolution
		SolutionGuid = {424FCDEC-D6C6-4C20-B1C8-D2E7C2DAD5A2}
	EndGlobalSection
EndGlobal
